# This file is autogenerated, do not edit; changes may be undone by the next 'dep ensure'.


[[projects]]
  digest = "1:7a95f1afa4b03865cf883c618f00ec2466bd7195f843227b627ec7894bee16bf"
  name = "github.com/cenkalti/hub"
  packages = ["."]
  pruneopts = "UT"
  revision = "f504d6fdeb0220334605e70ea67c6f4c937fe734"

[[projects]]
  branch = "master"
  digest = "1:c3d15fa14e154b9804706d5c92f9b61ec96c5e5d60ebaf491aa2333276a63797"
  name = "github.com/cenkalti/rpc2"
  packages = [
    ".",
    "jsonrpc",
  ]
  pruneopts = "UT"
  revision = "9642ea02d0aad04b8efb5e1a6bbc63daf8d0903d"

[[projects]]
  digest = "1:8832120e0a822e4c956df6d4ffd7cb26a845052b53c15637ac08c8a68a95057d"
  name = "github.com/socketplane/libovsdb"
  packages = [
    ".",
    "Godeps/_workspace/src/github.com/cenkalti/hub",
    "Godeps/_workspace/src/github.com/cenkalti/rpc2",
    "Godeps/_workspace/src/github.com/cenkalti/rpc2/jsonrpc",
  ]
  pruneopts = "UT"
  revision = "555a561202ec17fe6c068038a35291ce9ba33066"
  version = "v0.1"

[solve-meta]
  analyzer-name = "dep"
  analyzer-version = 1
  input-imports = [
    "github.com/cenkalti/rpc2",
    "github.com/cenkalti/rpc2/jsonrpc",
    "github.com/socketplane/libovsdb",
  ]
  solver-name = "gps-cdcl"
  solver-version = 1
